
Microsoft Visual Studio Solution File, Format Version 12.00
# Visual Studio 15
VisualStudioVersion = 15.0.28307.539
MinimumVisualStudioVersion = 10.0.40219.1
Project("{FAE04EC0-301F-11D3-BF4B-00C04F79EFBC}") = "NotepadMonitor", "NotepadMonitor.csproj", "{F22460A7-91CE-47E8-B1A4-5491A87BD6A8}"
EndProject
Global
	GlobalSection(SolutionConfigurationPlatforms) = preSolution
		Debug|Any CPU = Debug|Any CPU
		Release|Any CPU = Release|Any CPU
	EndGlobalSection
	GlobalSection(ProjectConfigurationPlatforms) = postSolution
		{F22460A7-91CE-47E8-B1A4-5491A87BD6A8}.Debug|Any CPU.ActiveCfg = Debug|Any CPU
		{F22460A7-91CE-47E8-B1A4-5491A87BD6A8}.Debug|Any CPU.Build.0 = Debug|Any CPU
		{F22460A7-91CE-47E8-B1A4-5491A87BD6A8}.Release|Any CPU.ActiveCfg = Release|Any CPU
		{F22460A7-91CE-47E8-B1A4-5491A87BD6A8}.Release|Any CPU.Build.0 = Release|Any CPU
	EndGlobalSection
	GlobalSection(SolutionProperties) = preSolution
		HideSolutionNode = FALSE
	EndGlobalSection
	GlobalSection(ExtensibilityGlobals) = postSolution
		SolutionGuid = {08766CD6-8083-4C6C-B385-3FE1C9EDB1EB}
	EndGlobalSection
EndGlobal
