
Microsoft Visual Studio Solution File, Format Version 12.00
# Visual Studio Version 16
VisualStudioVersion = 16.0.28803.156
MinimumVisualStudioVersion = 10.0.40219.1
Project("{FAE04EC0-301F-11D3-BF4B-00C04F79EFBC}") = "ClassLibrary1", "ClassLibrary1\ClassLibrary1.csproj", "{97AA9645-3D09-45EE-8554-08296B0971D3}"
EndProject
Global
	GlobalSection(SolutionConfigurationPlatforms) = preSolution
		Debug|Any CPU = Debug|Any CPU
		Release|Any CPU = Release|Any CPU
	EndGlobalSection
	GlobalSection(ProjectConfigurationPlatforms) = postSolution
		{97AA9645-3D09-45EE-8554-08296B0971D3}.Debug|Any CPU.ActiveCfg = Debug|Any CPU
		{97AA9645-3D09-45EE-8554-08296B0971D3}.Debug|Any CPU.Build.0 = Debug|Any CPU
		{97AA9645-3D09-45EE-8554-08296B0971D3}.Release|Any CPU.ActiveCfg = Release|Any CPU
		{97AA9645-3D09-45EE-8554-08296B0971D3}.Release|Any CPU.Build.0 = Release|Any CPU
	EndGlobalSection
	GlobalSection(SolutionProperties) = preSolution
		HideSolutionNode = FALSE
	EndGlobalSection
	GlobalSection(ExtensibilityGlobals) = postSolution
		SolutionGuid = {85BED45D-3725-43BB-823C-44A9BE0827EA}
	EndGlobalSection
EndGlobal
